
Microsoft Visual Studio Solution File, Format Version 12.00
# Visual Studio Version 17
VisualStudioVersion = 17.5.33414.496
MinimumVisualStudioVersion = 10.0.40219.1
Project("{FAE04EC0-301F-11D3-BF4B-00C04F79EFBC}") = "Uppgift 4.10", "Uppgift 4.10\Uppgift 4.10.csproj", "{13CEC2E0-722F-4C76-BEBB-B8BA5273977B}"
EndProject
Global
	GlobalSection(SolutionConfigurationPlatforms) = preSolution
		Debug|Any CPU = Debug|Any CPU
		Release|Any CPU = Release|Any CPU
	EndGlobalSection
	GlobalSection(ProjectConfigurationPlatforms) = postSolution
		{13CEC2E0-722F-4C76-BEBB-B8BA5273977B}.Debug|Any CPU.ActiveCfg = Debug|Any CPU
		{13CEC2E0-722F-4C76-BEBB-B8BA5273977B}.Debug|Any CPU.Build.0 = Debug|Any CPU
		{13CEC2E0-722F-4C76-BEBB-B8BA5273977B}.Release|Any CPU.ActiveCfg = Release|Any CPU
		{13CEC2E0-722F-4C76-BEBB-B8BA5273977B}.Release|Any CPU.Build.0 = Release|Any CPU
	EndGlobalSection
	GlobalSection(SolutionProperties) = preSolution
		HideSolutionNode = FALSE
	EndGlobalSection
	GlobalSection(ExtensibilityGlobals) = postSolution
		SolutionGuid = {010965C9-4245-4EA8-8A7B-7778BE4E22FC}
	EndGlobalSection
EndGlobal
